// !$*UTF8*$!
{
	archiveVersion = 1;
	classes = {
	};
	objectVersion = 50;
	objects = {

/* Begin PBXBuildFile section */
		AD8BACC5252A832E00FE1A7C /* AppDelegate.swift in Sources */ = {isa = PBXBuildFile; fileRef = AD8BACC4252A832E00FE1A7C /* AppDelegate.swift */; };
		AD8BACC7252A832E00FE1A7C /* SceneDelegate.swift in Sources */ = {isa = PBXBuildFile; fileRef = AD8BACC6252A832E00FE1A7C /* SceneDelegate.swift */; };
		AD8BACC9252A832E00FE1A7C /* ContentView.swift in Sources */ = {isa = PBXBuildFile; fileRef = AD8BACC8252A832E00FE1A7C /* ContentView.swift */; };
		AD8BACCB252A832F00FE1A7C /* Assets.xcassets in Resources */ = {isa = PBXBuildFile; fileRef = AD8BACCA252A832F00FE1A7C /* Assets.xcassets */; };
		AD8BACCE252A832F00FE1A7C /* Preview Assets.xcassets in Resources */ = {isa = PBXBuildFile; fileRef = AD8BACCD252A832F00FE1A7C /* Preview Assets.xcassets */; };
		AD8BACD1252A832F00FE1A7C /* LaunchScreen.storyboard in Resources */ = {isa = PBXBuildFile; fileRef = AD8BACCF252A832F00FE1A7C /* LaunchScreen.storyboard */; };
		AD8BACDB252A87DE00FE1A7C /* Pacifico-Regular.ttf in Resources */ = {isa = PBXBuildFile; fileRef = AD8BACDA252A87DE00FE1A7C /* Pacifico-Regular.ttf */; };
/* End PBXBuildFile section */

/* Begin PBXFileReference section */
		AD8BACC1252A832E00FE1A7C /* ShawnCard.app */ = {isa = PBXFileReference; explicitFileType = wrapper.application; includeInIndex = 0; path = ShawnCard.app; sourceTree = BUILT_PRODUCTS_DIR; };
		AD8BACC4252A832E00FE1A7C /* AppDelegate.swift */ = {isa = PBXFileReference; lastKnownFileType = sourcecode.swift; path = AppDelegate.swift; sourceTree = "<group>"; };
		AD8BACC6252A832E00FE1A7C /* SceneDelegate.swift */ = {isa = PBXFileReference; lastKnownFileType = sourcecode.swift; path = SceneDelegate.swift; sourceTree = "<group>"; };
		AD8BACC8252A832E00FE1A7C /* ContentView.swift */ = {isa = PBXFileReference; lastKnownFileType = sourcecode.swift; path = ContentView.swift; sourceTree = "<group>"; };
		AD8BACCA252A832F00FE1A7C /* Assets.xcassets */ = {isa = PBXFileReference; lastKnownFileType = folder.assetcatalog; path = Assets.xcassets; sourceTree = "<group>"; };
		AD8BACCD252A832F00FE1A7C /* Preview Assets.xcassets */ = {isa = PBXFileReference; lastKnownFileType = folder.assetcatalog; path = "Preview Assets.xcassets"; sourceTree = "<group>"; };
		AD8BACD0252A832F00FE1A7C /* Base */ = {isa = PBXFileReference; lastKnownFileType = file.storyboard; name = Base; path = Base.lproj/LaunchScreen.storyboard; sourceTree = "<group>"; };
		AD8BACD2252A832F00FE1A7C /* Info.plist */ = {isa = PBXFileReference; lastKnownFileType = text.plist.xml; path = Info.plist; sourceTree = "<group>"; };
		AD8BACDA252A87DE00FE1A7C /* Pacifico-Regular.ttf */ = {isa = PBXFileReference; lastKnownFileType = file; path = "Pacifico-Regular.ttf"; sourceTree = "<group>"; };
/* End PBXFileReference section */

/* Begin PBXFrameworksBuildPhase section */
		AD8BACBE252A832E00FE1A7C /* Frameworks */ = {
			isa = PBXFrameworksBuildPhase;
			buildActionMask = 2147483647;
			files = (
			);
			runOnlyForDeploymentPostprocessing = 0;
		};
/* End PBXFrameworksBuildPhase section */

/* Begin PBXGroup section */
		AD8BACB8252A832E00FE1A7C = {
			isa = PBXGroup;
			children = (
				AD8BACC3252A832E00FE1A7C /* ShawnCard */,
				AD8BACC2252A832E00FE1A7C /* Products */,
			);
			sourceTree = "<group>";
		};
		AD8BACC2252A832E00FE1A7C /* Products */ = {
			isa = PBXGroup;
			children = (
				AD8BACC1252A832E00FE1A7C /* ShawnCard.app */,
			);
			name = Products;
			sourceTree = "<group>";
		};
		AD8BACC3252A832E00FE1A7C /* ShawnCard */ = {
			isa = PBXGroup;
			children = (
				AD8BACD9252A87C900FE1A7C /* fonts */,
				AD8BACC4252A832E00FE1A7C /* AppDelegate.swift */,
				AD8BACC6252A832E00FE1A7C /* SceneDelegate.swift */,
				AD8BACC8252A832E00FE1A7C /* ContentView.swift */,
				AD8BACCA252A832F00FE1A7C /* Assets.xcassets */,
				AD8BACCF252A832F00FE1A7C /* LaunchScreen.storyboard */,
				AD8BACD2252A832F00FE1A7C /* Info.plist */,
				AD8BACCC252A832F00FE1A7C /* Preview Content */,
			);
			path = ShawnCard;
			sourceTree = "<group>";
		};
		AD8BACCC252A832F00FE1A7C /* Preview Content */ = {
			isa = PBXGroup;
			children = (
				AD8BACCD252A832F00FE1A7C /* Preview Assets.xcassets */,
			);
			path = "Preview Content";
			sourceTree = "<group>";
		};
		AD8BACD9252A87C900FE1A7C /* fonts */ = {
			isa = PBXGroup;
			children = (
				AD8BACDA252A87DE00FE1A7C /* Pacifico-Regular.ttf */,
			);
			path = fonts;
			sourceTree = "<group>";
		};
/* End PBXGroup section */

/* Begin PBXNativeTarget section */
		AD8BACC0252A832E00FE1A7C /* ShawnCard */ = {
			isa = PBXNativeTarget;
			buildConfigurationList = AD8BACD5252A832F00FE1A7C /* Build configuration list for PBXNativeTarget "ShawnCard" */;
			buildPhases = (
				AD8BACBD252A832E00FE1A7C /* Sources */,
				AD8BACBE252A832E00FE1A7C /* Frameworks */,
				AD8BACBF252A832E00FE1A7C /* Resources */,
			);
			buildRules = (
			);
			dependencies = (
			);
			name = ShawnCard;
			productName = ShawnCard;
			productReference = AD8BACC1252A832E00FE1A7C /* ShawnCard.app */;
			productType = "com.apple.product-type.application";
		};
/* End PBXNativeTarget section */

/* Begin PBXProject section */
		AD8BACB9252A832E00FE1A7C /* Project object */ = {
			isa = PBXProject;
			attributes = {
				LastSwiftUpdateCheck = 1200;
				LastUpgradeCheck = 1200;
				TargetAttributes = {
					AD8BACC0252A832E00FE1A7C = {
						CreatedOnToolsVersion = 12.0.1;
					};
				};
			};
			buildConfigurationList = AD8BACBC252A832E00FE1A7C /* Build configuration list for PBXProject "ShawnCard" */;
			compatibilityVersion = "Xcode 9.3";
			developmentRegion = en;
			hasScannedForEncodings = 0;
			knownRegions = (
				en,
				Base,
			);
			mainGroup = AD8BACB8252A832E00FE1A7C;
			productRefGroup = AD8BACC2252A832E00FE1A7C /* Products */;
			projectDirPath = "";
			projectRoot = "";
			targets = (
				AD8BACC0252A832E00FE1A7C /* ShawnCard */,
			);
		};
/* End PBXProject section */

/* Begin PBXResourcesBuildPhase section */
		AD8BACBF252A832E00FE1A7C /* Resources */ = {
			isa = PBXResourcesBuildPhase;
			buildActionMask = 2147483647;
			files = (
				AD8BACD1252A832F00FE1A7C /* LaunchScreen.storyboard in Resources */,
				AD8BACDB252A87DE00FE1A7C /* Pacifico-Regular.ttf in Resources */,
				AD8BACCE252A832F00FE1A7C /* Preview Assets.xcassets in Resources */,
				AD8BACCB252A832F00FE1A7C /* Assets.xcassets in Resources */,
			);
			runOnlyForDeploymentPostprocessing = 0;
		};
/* End PBXResourcesBuildPhase section */

/* Begin PBXSourcesBuildPhase section */
		AD8BACBD252A832E00FE1A7C /* Sources */ = {
			isa = PBXSourcesBuildPhase;
			buildActionMask = 2147483647;
			files = (
				AD8BACC5252A832E00FE1A7C /* AppDelegate.swift in Sources */,
				AD8BACC7252A832E00FE1A7C /* SceneDelegate.swift in Sources */,
				AD8BACC9252A832E00FE1A7C /* ContentView.swift in Sources */,
			);
			runOnlyForDeploymentPostprocessing = 0;
		};
/* End PBXSourcesBuildPhase section */

/* Begin PBXVariantGroup section */
		AD8BACCF252A832F00FE1A7C /* LaunchScreen.storyboard */ = {
			isa = PBXVariantGroup;
			children = (
				AD8BACD0252A832F00FE1A7C /* Base */,
			);
			name = LaunchScreen.storyboard;
			sourceTree = "<group>";
		};
/* End PBXVariantGroup section */

/* Begin XCBuildConfiguration section */
		AD8BACD3252A832F00FE1A7C /* Debug */ = {
			isa = XCBuildConfiguration;
			buildSettings = {
				ALWAYS_SEARCH_USER_PATHS = NO;
				CLANG_ANALYZER_NONNULL = YES;
				CLANG_ANALYZER_NUMBER_OBJECT_CONVERSION = YES_AGGRESSIVE;
				CLANG_CXX_LANGUAGE_STANDARD = "gnu++14";
				CLANG_CXX_LIBRARY = "libc++";
				CLANG_ENABLE_MODULES = YES;
				CLANG_ENABLE_OBJC_ARC = YES;
				CLANG_ENABLE_OBJC_WEAK = YES;
				CLANG_WARN_BLOCK_CAPTURE_AUTORELEASING = YES;
				CLANG_WARN_BOOL_CONVERSION = YES;
				CLANG_WARN_COMMA = YES;
				CLANG_WARN_CONSTANT_CONVERSION = YES;
				CLANG_WARN_DEPRECATED_OBJC_IMPLEMENTATIONS = YES;
				CLANG_WARN_DIRECT_OBJC_ISA_USAGE = YES_ERROR;
				CLANG_WARN_DOCUMENTATION_COMMENTS = YES;
				CLANG_WARN_EMPTY_BODY = YES;
				CLANG_WARN_ENUM_CONVERSION = YES;
				CLANG_WARN_INFINITE_RECURSION = YES;
				CLANG_WARN_INT_CONVERSION = YES;
				CLANG_WARN_NON_LITERAL_NULL_CONVERSION = YES;
				CLANG_WARN_OBJC_IMPLICIT_RETAIN_SELF = YES;
				CLANG_WARN_OBJC_LITERAL_CONVERSION = YES;
				CLANG_WARN_OBJC_ROOT_CLASS = YES_ERROR;
				CLANG_WARN_QUOTED_INCLUDE_IN_FRAMEWORK_HEADER = YES;
				CLANG_WARN_RANGE_LOOP_ANALYSIS = YES;
				CLANG_WARN_STRICT_PROTOTYPES = YES;
				CLANG_WARN_SUSPICIOUS_MOVE = YES;
				CLANG_WARN_UNGUARDED_AVAILABILITY = YES_AGGRESSIVE;
				CLANG_WARN_UNREACHABLE_CODE = YES;
				CLANG_WARN__DUPLICATE_METHOD_MATCH = YES;
				COPY_PHASE_STRIP = NO;
				DEBUG_INFORMATION_FORMAT = dwarf;
				ENABLE_STRICT_OBJC_MSGSEND = YES;
				ENABLE_TESTABILITY = YES;
				GCC_C_LANGUAGE_STANDARD = gnu11;
				GCC_DYNAMIC_NO_PIC = NO;
				GCC_NO_COMMON_BLOCKS = YES;
				GCC_OPTIMIZATION_LEVEL = 0;
				GCC_PREPROCESSOR_DEFINITIONS = (
					"DEBUG=1",
					"$(inherited)",
				);
				GCC_WARN_64_TO_32_BIT_CONVERSION = YES;
				GCC_WARN_ABOUT_RETURN_TYPE = YES_ERROR;
				GCC_WARN_UNDECLARED_SELECTOR = YES;
				GCC_WARN_UNINITIALIZED_AUTOS = YES_AGGRESSIVE;
				GCC_WARN_UNUSED_FUNCTION = YES;
				GCC_WARN_UNUSED_VARIABLE = YES;
				IPHONEOS_DEPLOYMENT_TARGET = 14.0;
				MTL_ENABLE_DEBUG_INFO = INCLUDE_SOURCE;
				MTL_FAST_MATH = YES;
				ONLY_ACTIVE_ARCH = YES;
				SDKROOT = iphoneos;
				SWIFT_ACTIVE_COMPILATION_CONDITIONS = DEBUG;
				SWIFT_OPTIMIZATION_LEVEL = "-Onone";
			};
			name = Debug;
		};
		AD8BACD4252A832F00FE1A7C /* Release */ = {
			isa = XCBuildConfiguration;
			buildSettings = {
				ALWAYS_SEARCH_USER_PATHS = NO;
				CLANG_ANALYZER_NONNULL = YES;
				CLANG_ANALYZER_NUMBER_OBJECT_CONVERSION = YES_AGGRESSIVE;
				CLANG_CXX_LANGUAGE_STANDARD = "gnu++14";
				CLANG_CXX_LIBRARY = "libc++";
				CLANG_ENABLE_MODULES = YES;
				CLANG_ENABLE_OBJC_ARC = YES;
				CLANG_ENABLE_OBJC_WEAK = YES;
				CLANG_WARN_BLOCK_CAPTURE_AUTORELEASING = YES;
				CLANG_WARN_BOOL_CONVERSION = YES;
				CLANG_WARN_COMMA = YES;
				CLANG_WARN_CONSTANT_CONVERSION = YES;
				CLANG_WARN_DEPRECATED_OBJC_IMPLEMENTATIONS = YES;
				CLANG_WARN_DIRECT_OBJC_ISA_USAGE = YES_ERROR;
				CLANG_WARN_DOCUMENTATION_COMMENTS = YES;
				CLANG_WARN_EMPTY_BODY = YES;
				CLANG_WARN_ENUM_CONVERSION = YES;
				CLANG_WARN_INFINITE_RECURSION = YES;
				CLANG_WARN_INT_CONVERSION = YES;
				CLANG_WARN_NON_LITERAL_NULL_CONVERSION = YES;
				CLANG_WARN_OBJC_IMPLICIT_RETAIN_SELF = YES;
				CLANG_WARN_OBJC_LITERAL_CONVERSION = YES;
				CLANG_WARN_OBJC_ROOT_CLASS = YES_ERROR;
				CLANG_WARN_QUOTED_INCLUDE_IN_FRAMEWORK_HEADER = YES;
				CLANG_WARN_RANGE_LOOP_ANALYSIS = YES;
				CLANG_WARN_STRICT_PROTOTYPES = YES;
				CLANG_WARN_SUSPICIOUS_MOVE = YES;
				CLANG_WARN_UNGUARDED_AVAILABILITY = YES_AGGRESSIVE;
				CLANG_WARN_UNREACHABLE_CODE = YES;
				CLANG_WARN__DUPLICATE_METHOD_MATCH = YES;
				COPY_PHASE_STRIP = NO;
				DEBUG_INFORMATION_FORMAT = "dwarf-with-dsym";
				ENABLE_NS_ASSERTIONS = NO;
				ENABLE_STRICT_OBJC_MSGSEND = YES;
				GCC_C_LANGUAGE_STANDARD = gnu11;
				GCC_NO_COMMON_BLOCKS = YES;
				GCC_WARN_64_TO_32_BIT_CONVERSION = YES;
				GCC_WARN_ABOUT_RETURN_TYPE = YES_ERROR;
				GCC_WARN_UNDECLARED_SELECTOR = YES;
				GCC_WARN_UNINITIALIZED_AUTOS = YES_AGGRESSIVE;
				GCC_WARN_UNUSED_FUNCTION = YES;
				GCC_WARN_UNUSED_VARIABLE = YES;
				IPHONEOS_DEPLOYMENT_TARGET = 14.0;
				MTL_ENABLE_DEBUG_INFO = NO;
				MTL_FAST_MATH = YES;
				SDKROOT = iphoneos;
				SWIFT_COMPILATION_MODE = wholemodule;
				SWIFT_OPTIMIZATION_LEVEL = "-O";
				VALIDATE_PRODUCT = YES;
			};
			name = Release;
		};
		AD8BACD6252A832F00FE1A7C /* Debug */ = {
			isa = XCBuildConfiguration;
			buildSettings = {
				ASSETCATALOG_COMPILER_APPICON_NAME = AppIcon;
				ASSETCATALOG_COMPILER_GLOBAL_ACCENT_COLOR_NAME = AccentColor;
				CODE_SIGN_STYLE = Automatic;
				DEVELOPMENT_ASSET_PATHS = "\"ShawnCard/Preview Content\"";
				DEVELOPMENT_TEAM = 32G5V428A6;
				ENABLE_PREVIEWS = YES;
				INFOPLIST_FILE = ShawnCard/Info.plist;
				LD_RUNPATH_SEARCH_PATHS = (
					"$(inherited)",
					"@executable_path/Frameworks",
				);
				PRODUCT_BUNDLE_IDENTIFIER = com.shawnwilliams.ShawnCard;
				PRODUCT_NAME = "$(TARGET_NAME)";
				SWIFT_VERSION = 5.0;
				TARGETED_DEVICE_FAMILY = "1,2";
			};
			name = Debug;
		};
		AD8BACD7252A832F00FE1A7C /* Release */ = {
			isa = XCBuildConfiguration;
			buildSettings = {
				ASSETCATALOG_COMPILER_APPICON_NAME = AppIcon;
				ASSETCATALOG_COMPILER_GLOBAL_ACCENT_COLOR_NAME = AccentColor;
				CODE_SIGN_STYLE = Automatic;
				DEVELOPMENT_ASSET_PATHS = "\"ShawnCard/Preview Content\"";
				DEVELOPMENT_TEAM = 32G5V428A6;
				ENABLE_PREVIEWS = YES;
				INFOPLIST_FILE = ShawnCard/Info.plist;
				LD_RUNPATH_SEARCH_PATHS = (
					"$(inherited)",
					"@executable_path/Frameworks",
				);
				PRODUCT_BUNDLE_IDENTIFIER = com.shawnwilliams.ShawnCard;
				PRODUCT_NAME = "$(TARGET_NAME)";
				SWIFT_VERSION = 5.0;
				TARGETED_DEVICE_FAMILY = "1,2";
			};
			name = Release;
		};
/* End XCBuildConfiguration section */

/* Begin XCConfigurationList section */
		AD8BACBC252A832E00FE1A7C /* Build configuration list for PBXProject "ShawnCard" */ = {
			isa = XCConfigurationList;
			buildConfigurations = (
				AD8BACD3252A832F00FE1A7C /* Debug */,
				AD8BACD4252A832F00FE1A7C /* Release */,
			);
			defaultConfigurationIsVisible = 0;
			defaultConfigurationName = Release;
		};
		AD8BACD5252A832F00FE1A7C /* Build configuration list for PBXNativeTarget "ShawnCard" */ = {
			isa = XCConfigurationList;
			buildConfigurations = (
				AD8BACD6252A832F00FE1A7C /* Debug */,
				AD8BACD7252A832F00FE1A7C /* Release */,
			);
			defaultConfigurationIsVisible = 0;
			defaultConfigurationName = Release;
		};
/* End XCConfigurationList section */
	};
	rootObject = AD8BACB9252A832E00FE1A7C /* Project object */;
}
